
Microsoft Visual Studio Solution File, Format Version 12.00
# Visual Studio 2013
VisualStudioVersion = 12.0.31101.0
MinimumVisualStudioVersion = 10.0.40219.1
Project("{FAE04EC0-301F-11D3-BF4B-00C04F79EFBC}") = "Nosbor.FluentBuilder.Tests", "FluentBuilderLib.Tests\Nosbor.FluentBuilder.Tests.csproj", "{FC1706D0-BFAC-43BD-AA51-B5591B1D6909}"
EndProject
Project("{FAE04EC0-301F-11D3-BF4B-00C04F79EFBC}") = "Nosbor.FluentBuilder", "FluentBuilderLib\Nosbor.FluentBuilder.csproj", "{71A31637-E074-4137-885F-C944642A9265}"
EndProject
Global
	GlobalSection(SolutionConfigurationPlatforms) = preSolution
		Debug|Any CPU = Debug|Any CPU
		Release|Any CPU = Release|Any CPU
	EndGlobalSection
	GlobalSection(ProjectConfigurationPlatforms) = postSolution
		{FC1706D0-BFAC-43BD-AA51-B5591B1D6909}.Debug|Any CPU.ActiveCfg = Debug|Any CPU
		{FC1706D0-BFAC-43BD-AA51-B5591B1D6909}.Debug|Any CPU.Build.0 = Debug|Any CPU
		{FC1706D0-BFAC-43BD-AA51-B5591B1D6909}.Release|Any CPU.ActiveCfg = Release|Any CPU
		{FC1706D0-BFAC-43BD-AA51-B5591B1D6909}.Release|Any CPU.Build.0 = Release|Any CPU
		{71A31637-E074-4137-885F-C944642A9265}.Debug|Any CPU.ActiveCfg = Debug|Any CPU
		{71A31637-E074-4137-885F-C944642A9265}.Debug|Any CPU.Build.0 = Debug|Any CPU
		{71A31637-E074-4137-885F-C944642A9265}.Release|Any CPU.ActiveCfg = Release|Any CPU
		{71A31637-E074-4137-885F-C944642A9265}.Release|Any CPU.Build.0 = Release|Any CPU
	EndGlobalSection
	GlobalSection(SolutionProperties) = preSolution
		HideSolutionNode = FALSE
	EndGlobalSection
EndGlobal
