
Microsoft Visual Studio Solution File, Format Version 12.00
# Visual Studio Version 17
VisualStudioVersion = 17.0.32112.339
MinimumVisualStudioVersion = 10.0.40219.1
Project("{9A19103F-16F7-4668-BE54-9A1E7A4F7556}") = "Nosbor.FluentBuilder", "Nosbor.FluentBuilder\Nosbor.FluentBuilder.csproj", "{8003D9F4-F02A-4AF1-9702-D4F18B5FE993}"
EndProject
Project("{9A19103F-16F7-4668-BE54-9A1E7A4F7556}") = "Nosbor.FluentBuilder.Br", "Nosbor.FluentBuilder.Br\Nosbor.FluentBuilder.Br.csproj", "{B394F9D3-18F6-4E94-A2AB-5C532245FB01}"
EndProject
Project("{9A19103F-16F7-4668-BE54-9A1E7A4F7556}") = "Nosbor.FluentBuilder.Tests", "Nosbor.FluentBuilder.Tests\Nosbor.FluentBuilder.Tests.csproj", "{66A16DB1-DC11-4333-A446-4E7AA669BAC2}"
EndProject
Project("{2150E333-8FDC-42A3-9474-1A3956D46DE8}") = "Solution Items", "Solution Items", "{8853BC64-1A6C-4D50-A35F-3E116A17EA75}"
	ProjectSection(SolutionItems) = preProject
		.editorconfig = .editorconfig
		..\appveyor.yml = ..\appveyor.yml
		..\.github\workflows\deploy-nuget.yml = ..\.github\workflows\deploy-nuget.yml
		..\README.md = ..\README.md
	EndProjectSection
EndProject
Global
	GlobalSection(SolutionConfigurationPlatforms) = preSolution
		Debug|Any CPU = Debug|Any CPU
		Release|Any CPU = Release|Any CPU
	EndGlobalSection
	GlobalSection(ProjectConfigurationPlatforms) = postSolution
		{8003D9F4-F02A-4AF1-9702-D4F18B5FE993}.Debug|Any CPU.ActiveCfg = Debug|Any CPU
		{8003D9F4-F02A-4AF1-9702-D4F18B5FE993}.Debug|Any CPU.Build.0 = Debug|Any CPU
		{8003D9F4-F02A-4AF1-9702-D4F18B5FE993}.Release|Any CPU.ActiveCfg = Release|Any CPU
		{8003D9F4-F02A-4AF1-9702-D4F18B5FE993}.Release|Any CPU.Build.0 = Release|Any CPU
		{B394F9D3-18F6-4E94-A2AB-5C532245FB01}.Debug|Any CPU.ActiveCfg = Debug|Any CPU
		{B394F9D3-18F6-4E94-A2AB-5C532245FB01}.Debug|Any CPU.Build.0 = Debug|Any CPU
		{B394F9D3-18F6-4E94-A2AB-5C532245FB01}.Release|Any CPU.ActiveCfg = Release|Any CPU
		{B394F9D3-18F6-4E94-A2AB-5C532245FB01}.Release|Any CPU.Build.0 = Release|Any CPU
		{66A16DB1-DC11-4333-A446-4E7AA669BAC2}.Debug|Any CPU.ActiveCfg = Debug|Any CPU
		{66A16DB1-DC11-4333-A446-4E7AA669BAC2}.Debug|Any CPU.Build.0 = Debug|Any CPU
		{66A16DB1-DC11-4333-A446-4E7AA669BAC2}.Release|Any CPU.ActiveCfg = Release|Any CPU
		{66A16DB1-DC11-4333-A446-4E7AA669BAC2}.Release|Any CPU.Build.0 = Release|Any CPU
	EndGlobalSection
	GlobalSection(SolutionProperties) = preSolution
		HideSolutionNode = FALSE
	EndGlobalSection
	GlobalSection(ExtensibilityGlobals) = postSolution
		SolutionGuid = {E5C3838A-473E-441E-9AD3-A35C799206EB}
	EndGlobalSection
EndGlobal
